// !$*UTF8*$!
{
	archiveVersion = 1;
	classes = {
	};
	objectVersion = 50;
	objects = {

/* Begin PBXBuildFile section */
		E3BCABB9262EE46300B55BAC /* AppDelegate.swift in Sources */ = {isa = PBXBuildFile; fileRef = E3BCABB8262EE46300B55BAC /* AppDelegate.swift */; };
		E3BCABBB262EE46300B55BAC /* SceneDelegate.swift in Sources */ = {isa = PBXBuildFile; fileRef = E3BCABBA262EE46300B55BAC /* SceneDelegate.swift */; };
		E3BCABBD262EE46300B55BAC /* HomeVC.swift in Sources */ = {isa = PBXBuildFile; fileRef = E3BCABBC262EE46300B55BAC /* HomeVC.swift */; };
		E3BCABC0262EE46300B55BAC /* Main.storyboard in Resources */ = {isa = PBXBuildFile; fileRef = E3BCABBE262EE46300B55BAC /* Main.storyboard */; };
		E3BCABC2262EE46700B55BAC /* Assets.xcassets in Resources */ = {isa = PBXBuildFile; fileRef = E3BCABC1262EE46700B55BAC /* Assets.xcassets */; };
		E3BCABC5262EE46700B55BAC /* LaunchScreen.storyboard in Resources */ = {isa = PBXBuildFile; fileRef = E3BCABC3262EE46700B55BAC /* LaunchScreen.storyboard */; };
		E3BCABD1262EE52700B55BAC /* FoodCategory.swift in Sources */ = {isa = PBXBuildFile; fileRef = E3BCABD0262EE52700B55BAC /* FoodCategory.swift */; };
		E3BCABD4262EE57100B55BAC /* RecipeModel.swift in Sources */ = {isa = PBXBuildFile; fileRef = E3BCABD3262EE57100B55BAC /* RecipeModel.swift */; };
		E3BCABD7262EE5A100B55BAC /* DataSet.swift in Sources */ = {isa = PBXBuildFile; fileRef = E3BCABD6262EE5A100B55BAC /* DataSet.swift */; };
		E3BCAC04262F018A00B55BAC /* CategoryCell.swift in Sources */ = {isa = PBXBuildFile; fileRef = E3BCAC03262F018A00B55BAC /* CategoryCell.swift */; };
		E3BCAC09262F0DAE00B55BAC /* RecipesSelectionVC.swift in Sources */ = {isa = PBXBuildFile; fileRef = E3BCAC08262F0DAE00B55BAC /* RecipesSelectionVC.swift */; };
/* End PBXBuildFile section */

/* Begin PBXFileReference section */
		E3BCABB5262EE46300B55BAC /* Foodie.app */ = {isa = PBXFileReference; explicitFileType = wrapper.application; includeInIndex = 0; path = Foodie.app; sourceTree = BUILT_PRODUCTS_DIR; };
		E3BCABB8262EE46300B55BAC /* AppDelegate.swift */ = {isa = PBXFileReference; lastKnownFileType = sourcecode.swift; path = AppDelegate.swift; sourceTree = "<group>"; };
		E3BCABBA262EE46300B55BAC /* SceneDelegate.swift */ = {isa = PBXFileReference; lastKnownFileType = sourcecode.swift; path = SceneDelegate.swift; sourceTree = "<group>"; };
		E3BCABBC262EE46300B55BAC /* HomeVC.swift */ = {isa = PBXFileReference; lastKnownFileType = sourcecode.swift; path = HomeVC.swift; sourceTree = "<group>"; };
		E3BCABBF262EE46300B55BAC /* Base */ = {isa = PBXFileReference; lastKnownFileType = file.storyboard; name = Base; path = Base.lproj/Main.storyboard; sourceTree = "<group>"; };
		E3BCABC1262EE46700B55BAC /* Assets.xcassets */ = {isa = PBXFileReference; lastKnownFileType = folder.assetcatalog; path = Assets.xcassets; sourceTree = "<group>"; };
		E3BCABC4262EE46700B55BAC /* Base */ = {isa = PBXFileReference; lastKnownFileType = file.storyboard; name = Base; path = Base.lproj/LaunchScreen.storyboard; sourceTree = "<group>"; };
		E3BCABC6262EE46700B55BAC /* Info.plist */ = {isa = PBXFileReference; lastKnownFileType = text.plist.xml; path = Info.plist; sourceTree = "<group>"; };
		E3BCABD0262EE52700B55BAC /* FoodCategory.swift */ = {isa = PBXFileReference; lastKnownFileType = sourcecode.swift; path = FoodCategory.swift; sourceTree = "<group>"; };
		E3BCABD3262EE57100B55BAC /* RecipeModel.swift */ = {isa = PBXFileReference; lastKnownFileType = sourcecode.swift; path = RecipeModel.swift; sourceTree = "<group>"; };
		E3BCABD6262EE5A100B55BAC /* DataSet.swift */ = {isa = PBXFileReference; lastKnownFileType = sourcecode.swift; path = DataSet.swift; sourceTree = "<group>"; };
		E3BCAC03262F018A00B55BAC /* CategoryCell.swift */ = {isa = PBXFileReference; lastKnownFileType = sourcecode.swift; path = CategoryCell.swift; sourceTree = "<group>"; };
		E3BCAC08262F0DAE00B55BAC /* RecipesSelectionVC.swift */ = {isa = PBXFileReference; lastKnownFileType = sourcecode.swift; path = RecipesSelectionVC.swift; sourceTree = "<group>"; };
/* End PBXFileReference section */

/* Begin PBXFrameworksBuildPhase section */
		E3BCABB2262EE46300B55BAC /* Frameworks */ = {
			isa = PBXFrameworksBuildPhase;
			buildActionMask = 2147483647;
			files = (
			);
			runOnlyForDeploymentPostprocessing = 0;
		};
/* End PBXFrameworksBuildPhase section */

/* Begin PBXGroup section */
		E3BCABAC262EE46300B55BAC = {
			isa = PBXGroup;
			children = (
				E3BCABB7262EE46300B55BAC /* Foodie */,
				E3BCABB6262EE46300B55BAC /* Products */,
			);
			sourceTree = "<group>";
		};
		E3BCABB6262EE46300B55BAC /* Products */ = {
			isa = PBXGroup;
			children = (
				E3BCABB5262EE46300B55BAC /* Foodie.app */,
			);
			name = Products;
			sourceTree = "<group>";
		};
		E3BCABB7262EE46300B55BAC /* Foodie */ = {
			isa = PBXGroup;
			children = (
				E3BCABCD262EE4E700B55BAC /* Model */,
				E3BCABCE262EE4ED00B55BAC /* View */,
				E3BCABCF262EE4F300B55BAC /* Controller */,
				E3BCABB8262EE46300B55BAC /* AppDelegate.swift */,
				E3BCABBA262EE46300B55BAC /* SceneDelegate.swift */,
				E3BCABBE262EE46300B55BAC /* Main.storyboard */,
				E3BCABC1262EE46700B55BAC /* Assets.xcassets */,
				E3BCABC3262EE46700B55BAC /* LaunchScreen.storyboard */,
				E3BCABC6262EE46700B55BAC /* Info.plist */,
			);
			path = Foodie;
			sourceTree = "<group>";
		};
		E3BCABCD262EE4E700B55BAC /* Model */ = {
			isa = PBXGroup;
			children = (
				E3BCABD0262EE52700B55BAC /* FoodCategory.swift */,
				E3BCABD3262EE57100B55BAC /* RecipeModel.swift */,
				E3BCABD6262EE5A100B55BAC /* DataSet.swift */,
			);
			path = Model;
			sourceTree = "<group>";
		};
		E3BCABCE262EE4ED00B55BAC /* View */ = {
			isa = PBXGroup;
			children = (
				E3BCAC03262F018A00B55BAC /* CategoryCell.swift */,
			);
			path = View;
			sourceTree = "<group>";
		};
		E3BCABCF262EE4F300B55BAC /* Controller */ = {
			isa = PBXGroup;
			children = (
				E3BCABBC262EE46300B55BAC /* HomeVC.swift */,
				E3BCAC08262F0DAE00B55BAC /* RecipesSelectionVC.swift */,
			);
			path = Controller;
			sourceTree = "<group>";
		};
/* End PBXGroup section */

/* Begin PBXNativeTarget section */
		E3BCABB4262EE46300B55BAC /* Foodie */ = {
			isa = PBXNativeTarget;
			buildConfigurationList = E3BCABC9262EE46700B55BAC /* Build configuration list for PBXNativeTarget "Foodie" */;
			buildPhases = (
				E3BCABB1262EE46300B55BAC /* Sources */,
				E3BCABB2262EE46300B55BAC /* Frameworks */,
				E3BCABB3262EE46300B55BAC /* Resources */,
			);
			buildRules = (
			);
			dependencies = (
			);
			name = Foodie;
			productName = Foodie;
			productReference = E3BCABB5262EE46300B55BAC /* Foodie.app */;
			productType = "com.apple.product-type.application";
		};
/* End PBXNativeTarget section */

/* Begin PBXProject section */
		E3BCABAD262EE46300B55BAC /* Project object */ = {
			isa = PBXProject;
			attributes = {
				LastSwiftUpdateCheck = 1240;
				LastUpgradeCheck = 1240;
				TargetAttributes = {
					E3BCABB4262EE46300B55BAC = {
						CreatedOnToolsVersion = 12.4;
					};
				};
			};
			buildConfigurationList = E3BCABB0262EE46300B55BAC /* Build configuration list for PBXProject "Foodie" */;
			compatibilityVersion = "Xcode 9.3";
			developmentRegion = en;
			hasScannedForEncodings = 0;
			knownRegions = (
				en,
				Base,
			);
			mainGroup = E3BCABAC262EE46300B55BAC;
			productRefGroup = E3BCABB6262EE46300B55BAC /* Products */;
			projectDirPath = "";
			projectRoot = "";
			targets = (
				E3BCABB4262EE46300B55BAC /* Foodie */,
			);
		};
/* End PBXProject section */

/* Begin PBXResourcesBuildPhase section */
		E3BCABB3262EE46300B55BAC /* Resources */ = {
			isa = PBXResourcesBuildPhase;
			buildActionMask = 2147483647;
			files = (
				E3BCABC5262EE46700B55BAC /* LaunchScreen.storyboard in Resources */,
				E3BCABC2262EE46700B55BAC /* Assets.xcassets in Resources */,
				E3BCABC0262EE46300B55BAC /* Main.storyboard in Resources */,
			);
			runOnlyForDeploymentPostprocessing = 0;
		};
/* End PBXResourcesBuildPhase section */

/* Begin PBXSourcesBuildPhase section */
		E3BCABB1262EE46300B55BAC /* Sources */ = {
			isa = PBXSourcesBuildPhase;
			buildActionMask = 2147483647;
			files = (
				E3BCABD7262EE5A100B55BAC /* DataSet.swift in Sources */,
				E3BCABBD262EE46300B55BAC /* HomeVC.swift in Sources */,
				E3BCABB9262EE46300B55BAC /* AppDelegate.swift in Sources */,
				E3BCABD4262EE57100B55BAC /* RecipeModel.swift in Sources */,
				E3BCAC04262F018A00B55BAC /* CategoryCell.swift in Sources */,
				E3BCAC09262F0DAE00B55BAC /* RecipesSelectionVC.swift in Sources */,
				E3BCABBB262EE46300B55BAC /* SceneDelegate.swift in Sources */,
				E3BCABD1262EE52700B55BAC /* FoodCategory.swift in Sources */,
			);
			runOnlyForDeploymentPostprocessing = 0;
		};
/* End PBXSourcesBuildPhase section */

/* Begin PBXVariantGroup section */
		E3BCABBE262EE46300B55BAC /* Main.storyboard */ = {
			isa = PBXVariantGroup;
			children = (
				E3BCABBF262EE46300B55BAC /* Base */,
			);
			name = Main.storyboard;
			sourceTree = "<group>";
		};
		E3BCABC3262EE46700B55BAC /* LaunchScreen.storyboard */ = {
			isa = PBXVariantGroup;
			children = (
				E3BCABC4262EE46700B55BAC /* Base */,
			);
			name = LaunchScreen.storyboard;
			sourceTree = "<group>";
		};
/* End PBXVariantGroup section */

/* Begin XCBuildConfiguration section */
		E3BCABC7262EE46700B55BAC /* Debug */ = {
			isa = XCBuildConfiguration;
			buildSettings = {
				ALWAYS_SEARCH_USER_PATHS = NO;
				CLANG_ANALYZER_NONNULL = YES;
				CLANG_ANALYZER_NUMBER_OBJECT_CONVERSION = YES_AGGRESSIVE;
				CLANG_CXX_LANGUAGE_STANDARD = "gnu++14";
				CLANG_CXX_LIBRARY = "libc++";
				CLANG_ENABLE_MODULES = YES;
				CLANG_ENABLE_OBJC_ARC = YES;
				CLANG_ENABLE_OBJC_WEAK = YES;
				CLANG_WARN_BLOCK_CAPTURE_AUTORELEASING = YES;
				CLANG_WARN_BOOL_CONVERSION = YES;
				CLANG_WARN_COMMA = YES;
				CLANG_WARN_CONSTANT_CONVERSION = YES;
				CLANG_WARN_DEPRECATED_OBJC_IMPLEMENTATIONS = YES;
				CLANG_WARN_DIRECT_OBJC_ISA_USAGE = YES_ERROR;
				CLANG_WARN_DOCUMENTATION_COMMENTS = YES;
				CLANG_WARN_EMPTY_BODY = YES;
				CLANG_WARN_ENUM_CONVERSION = YES;
				CLANG_WARN_INFINITE_RECURSION = YES;
				CLANG_WARN_INT_CONVERSION = YES;
				CLANG_WARN_NON_LITERAL_NULL_CONVERSION = YES;
				CLANG_WARN_OBJC_IMPLICIT_RETAIN_SELF = YES;
				CLANG_WARN_OBJC_LITERAL_CONVERSION = YES;
				CLANG_WARN_OBJC_ROOT_CLASS = YES_ERROR;
				CLANG_WARN_QUOTED_INCLUDE_IN_FRAMEWORK_HEADER = YES;
				CLANG_WARN_RANGE_LOOP_ANALYSIS = YES;
				CLANG_WARN_STRICT_PROTOTYPES = YES;
				CLANG_WARN_SUSPICIOUS_MOVE = YES;
				CLANG_WARN_UNGUARDED_AVAILABILITY = YES_AGGRESSIVE;
				CLANG_WARN_UNREACHABLE_CODE = YES;
				CLANG_WARN__DUPLICATE_METHOD_MATCH = YES;
				COPY_PHASE_STRIP = NO;
				DEBUG_INFORMATION_FORMAT = dwarf;
				ENABLE_STRICT_OBJC_MSGSEND = YES;
				ENABLE_TESTABILITY = YES;
				GCC_C_LANGUAGE_STANDARD = gnu11;
				GCC_DYNAMIC_NO_PIC = NO;
				GCC_NO_COMMON_BLOCKS = YES;
				GCC_OPTIMIZATION_LEVEL = 0;
				GCC_PREPROCESSOR_DEFINITIONS = (
					"DEBUG=1",
					"$(inherited)",
				);
				GCC_WARN_64_TO_32_BIT_CONVERSION = YES;
				GCC_WARN_ABOUT_RETURN_TYPE = YES_ERROR;
				GCC_WARN_UNDECLARED_SELECTOR = YES;
				GCC_WARN_UNINITIALIZED_AUTOS = YES_AGGRESSIVE;
				GCC_WARN_UNUSED_FUNCTION = YES;
				GCC_WARN_UNUSED_VARIABLE = YES;
				IPHONEOS_DEPLOYMENT_TARGET = 14.4;
				MTL_ENABLE_DEBUG_INFO = INCLUDE_SOURCE;
				MTL_FAST_MATH = YES;
				ONLY_ACTIVE_ARCH = YES;
				SDKROOT = iphoneos;
				SWIFT_ACTIVE_COMPILATION_CONDITIONS = DEBUG;
				SWIFT_OPTIMIZATION_LEVEL = "-Onone";
			};
			name = Debug;
		};
		E3BCABC8262EE46700B55BAC /* Release */ = {
			isa = XCBuildConfiguration;
			buildSettings = {
				ALWAYS_SEARCH_USER_PATHS = NO;
				CLANG_ANALYZER_NONNULL = YES;
				CLANG_ANALYZER_NUMBER_OBJECT_CONVERSION = YES_AGGRESSIVE;
				CLANG_CXX_LANGUAGE_STANDARD = "gnu++14";
				CLANG_CXX_LIBRARY = "libc++";
				CLANG_ENABLE_MODULES = YES;
				CLANG_ENABLE_OBJC_ARC = YES;
				CLANG_ENABLE_OBJC_WEAK = YES;
				CLANG_WARN_BLOCK_CAPTURE_AUTORELEASING = YES;
				CLANG_WARN_BOOL_CONVERSION = YES;
				CLANG_WARN_COMMA = YES;
				CLANG_WARN_CONSTANT_CONVERSION = YES;
				CLANG_WARN_DEPRECATED_OBJC_IMPLEMENTATIONS = YES;
				CLANG_WARN_DIRECT_OBJC_ISA_USAGE = YES_ERROR;
				CLANG_WARN_DOCUMENTATION_COMMENTS = YES;
				CLANG_WARN_EMPTY_BODY = YES;
				CLANG_WARN_ENUM_CONVERSION = YES;
				CLANG_WARN_INFINITE_RECURSION = YES;
				CLANG_WARN_INT_CONVERSION = YES;
				CLANG_WARN_NON_LITERAL_NULL_CONVERSION = YES;
				CLANG_WARN_OBJC_IMPLICIT_RETAIN_SELF = YES;
				CLANG_WARN_OBJC_LITERAL_CONVERSION = YES;
				CLANG_WARN_OBJC_ROOT_CLASS = YES_ERROR;
				CLANG_WARN_QUOTED_INCLUDE_IN_FRAMEWORK_HEADER = YES;
				CLANG_WARN_RANGE_LOOP_ANALYSIS = YES;
				CLANG_WARN_STRICT_PROTOTYPES = YES;
				CLANG_WARN_SUSPICIOUS_MOVE = YES;
				CLANG_WARN_UNGUARDED_AVAILABILITY = YES_AGGRESSIVE;
				CLANG_WARN_UNREACHABLE_CODE = YES;
				CLANG_WARN__DUPLICATE_METHOD_MATCH = YES;
				COPY_PHASE_STRIP = NO;
				DEBUG_INFORMATION_FORMAT = "dwarf-with-dsym";
				ENABLE_NS_ASSERTIONS = NO;
				ENABLE_STRICT_OBJC_MSGSEND = YES;
				GCC_C_LANGUAGE_STANDARD = gnu11;
				GCC_NO_COMMON_BLOCKS = YES;
				GCC_WARN_64_TO_32_BIT_CONVERSION = YES;
				GCC_WARN_ABOUT_RETURN_TYPE = YES_ERROR;
				GCC_WARN_UNDECLARED_SELECTOR = YES;
				GCC_WARN_UNINITIALIZED_AUTOS = YES_AGGRESSIVE;
				GCC_WARN_UNUSED_FUNCTION = YES;
				GCC_WARN_UNUSED_VARIABLE = YES;
				IPHONEOS_DEPLOYMENT_TARGET = 14.4;
				MTL_ENABLE_DEBUG_INFO = NO;
				MTL_FAST_MATH = YES;
				SDKROOT = iphoneos;
				SWIFT_COMPILATION_MODE = wholemodule;
				SWIFT_OPTIMIZATION_LEVEL = "-O";
				VALIDATE_PRODUCT = YES;
			};
			name = Release;
		};
		E3BCABCA262EE46700B55BAC /* Debug */ = {
			isa = XCBuildConfiguration;
			buildSettings = {
				ASSETCATALOG_COMPILER_APPICON_NAME = AppIcon;
				ASSETCATALOG_COMPILER_GLOBAL_ACCENT_COLOR_NAME = AccentColor;
				CODE_SIGN_STYLE = Automatic;
				DEVELOPMENT_TEAM = MCP72WGYNQ;
				INFOPLIST_FILE = Foodie/Info.plist;
				LD_RUNPATH_SEARCH_PATHS = (
					"$(inherited)",
					"@executable_path/Frameworks",
				);
				PRODUCT_BUNDLE_IDENTIFIER = ozgun1.Foodie;
				PRODUCT_NAME = "$(TARGET_NAME)";
				SWIFT_VERSION = 5.0;
				TARGETED_DEVICE_FAMILY = "1,2";
			};
			name = Debug;
		};
		E3BCABCB262EE46700B55BAC /* Release */ = {
			isa = XCBuildConfiguration;
			buildSettings = {
				ASSETCATALOG_COMPILER_APPICON_NAME = AppIcon;
				ASSETCATALOG_COMPILER_GLOBAL_ACCENT_COLOR_NAME = AccentColor;
				CODE_SIGN_STYLE = Automatic;
				DEVELOPMENT_TEAM = MCP72WGYNQ;
				INFOPLIST_FILE = Foodie/Info.plist;
				LD_RUNPATH_SEARCH_PATHS = (
					"$(inherited)",
					"@executable_path/Frameworks",
				);
				PRODUCT_BUNDLE_IDENTIFIER = ozgun1.Foodie;
				PRODUCT_NAME = "$(TARGET_NAME)";
				SWIFT_VERSION = 5.0;
				TARGETED_DEVICE_FAMILY = "1,2";
			};
			name = Release;
		};
/* End XCBuildConfiguration section */

/* Begin XCConfigurationList section */
		E3BCABB0262EE46300B55BAC /* Build configuration list for PBXProject "Foodie" */ = {
			isa = XCConfigurationList;
			buildConfigurations = (
				E3BCABC7262EE46700B55BAC /* Debug */,
				E3BCABC8262EE46700B55BAC /* Release */,
			);
			defaultConfigurationIsVisible = 0;
			defaultConfigurationName = Release;
		};
		E3BCABC9262EE46700B55BAC /* Build configuration list for PBXNativeTarget "Foodie" */ = {
			isa = XCConfigurationList;
			buildConfigurations = (
				E3BCABCA262EE46700B55BAC /* Debug */,
				E3BCABCB262EE46700B55BAC /* Release */,
			);
			defaultConfigurationIsVisible = 0;
			defaultConfigurationName = Release;
		};
/* End XCConfigurationList section */
	};
	rootObject = E3BCABAD262EE46300B55BAC /* Project object */;
}
